
Microsoft Visual Studio Solution File, Format Version 12.00
# Visual Studio Version 16
VisualStudioVersion = 16.0.30523.141
MinimumVisualStudioVersion = 10.0.40219.1
Project("{9A19103F-16F7-4668-BE54-9A1E7A4F7556}") = "Filmovi", "Filmovi.csproj", "{90CC9905-F0DD-43E0-9F5F-9F34B23FC7CE}"
EndProject
Project("{9A19103F-16F7-4668-BE54-9A1E7A4F7556}") = "ClassLibraryFilmovi", "..\ClassLibraryFilmovi\ClassLibraryFilmovi.csproj", "{1796D652-212F-45E8-A657-6EEE2DF56591}"
EndProject
Global
	GlobalSection(SolutionConfigurationPlatforms) = preSolution
		Debug|Any CPU = Debug|Any CPU
		Release|Any CPU = Release|Any CPU
	EndGlobalSection
	GlobalSection(ProjectConfigurationPlatforms) = postSolution
		{90CC9905-F0DD-43E0-9F5F-9F34B23FC7CE}.Debug|Any CPU.ActiveCfg = Debug|Any CPU
		{90CC9905-F0DD-43E0-9F5F-9F34B23FC7CE}.Debug|Any CPU.Build.0 = Debug|Any CPU
		{90CC9905-F0DD-43E0-9F5F-9F34B23FC7CE}.Release|Any CPU.ActiveCfg = Release|Any CPU
		{90CC9905-F0DD-43E0-9F5F-9F34B23FC7CE}.Release|Any CPU.Build.0 = Release|Any CPU
		{1796D652-212F-45E8-A657-6EEE2DF56591}.Debug|Any CPU.ActiveCfg = Debug|Any CPU
		{1796D652-212F-45E8-A657-6EEE2DF56591}.Debug|Any CPU.Build.0 = Debug|Any CPU
		{1796D652-212F-45E8-A657-6EEE2DF56591}.Release|Any CPU.ActiveCfg = Release|Any CPU
		{1796D652-212F-45E8-A657-6EEE2DF56591}.Release|Any CPU.Build.0 = Release|Any CPU
	EndGlobalSection
	GlobalSection(SolutionProperties) = preSolution
		HideSolutionNode = FALSE
	EndGlobalSection
	GlobalSection(ExtensibilityGlobals) = postSolution
		SolutionGuid = {8608CD32-F83A-4564-BC1D-C471996DAA18}
	EndGlobalSection
EndGlobal
